{
  "name": "filetodirectory",
  "version": "2.0.1",
  "lockfileVersion": 1,
  "requires": true,
  "dependencies": {
    "locatelanguage": {
      "version": "1.0.1",
      "resolved": "https://registry.npmjs.org/locatelanguage/-/locatelanguage-1.0.1.tgz",
      "integrity": "sha512-0/DnWLccw2bXwgv1txWlfe2/OYF7bM5vQxpbx6Nm3t1S8F/tvzsg/Fidd3kimvxaLKe2y85fho/uv0zsTtAyFg=="
    }
  }
}
