{
  "name": "filetodirectory",
  "version": "2.0.4",
  "lockfileVersion": 3,
  "requires": true,
  "packages": {
    "": {
      "name": "filetodirectory",
      "version": "2.0.4",
      "license": "ISC",
      "dependencies": {
        "locatelanguage": "^1.0.1"
      },
      "bin": {
        "directories2file": "directories2file",
        "file2directories": "file2directories"
      },
      "engines": {
        "node": ">=14.10.0"
      }
    },
    "node_modules/locatelanguage": {
      "version": "1.0.1",
      "resolved": "https://registry.npmjs.org/locatelanguage/-/locatelanguage-1.0.1.tgz",
      "integrity": "sha512-0/DnWLccw2bXwgv1txWlfe2/OYF7bM5vQxpbx6Nm3t1S8F/tvzsg/Fidd3kimvxaLKe2y85fho/uv0zsTtAyFg==",
      "deprecated": "Package no longer supported. Contact Support at https://www.npmjs.com/support for more info."
    }
  }
}
